// !$*UTF8*$!
{
	archiveVersion = 1;
	classes = {
	};
	objectVersion = 56;
	objects = {

/* Begin PBXBuildFile section */
		71BC17062A325BEA006CBAAA /* AppDelegate.swift in Sources */ = {isa = PBXBuildFile; fileRef = 71BC17052A325BEA006CBAAA /* AppDelegate.swift */; };
		71BC17082A325BEA006CBAAA /* SceneDelegate.swift in Sources */ = {isa = PBXBuildFile; fileRef = 71BC17072A325BEA006CBAAA /* SceneDelegate.swift */; };
		71BC170A2A325BEA006CBAAA /* ViewController.swift in Sources */ = {isa = PBXBuildFile; fileRef = 71BC17092A325BEA006CBAAA /* ViewController.swift */; };
		71BC170D2A325BEA006CBAAA /* Main.storyboard in Resources */ = {isa = PBXBuildFile; fileRef = 71BC170B2A325BEA006CBAAA /* Main.storyboard */; };
		71BC170F2A325BEB006CBAAA /* Assets.xcassets in Resources */ = {isa = PBXBuildFile; fileRef = 71BC170E2A325BEB006CBAAA /* Assets.xcassets */; };
		71BC17122A325BEB006CBAAA /* LaunchScreen.storyboard in Resources */ = {isa = PBXBuildFile; fileRef = 71BC17102A325BEB006CBAAA /* LaunchScreen.storyboard */; };
		71BC171A2A326187006CBAAA /* ViewModel.swift in Sources */ = {isa = PBXBuildFile; fileRef = 71BC17192A326187006CBAAA /* ViewModel.swift */; };
		71BC171C2A3266D1006CBAAA /* JSOperations.swift in Sources */ = {isa = PBXBuildFile; fileRef = 71BC171B2A3266D1006CBAAA /* JSOperations.swift */; };
		71BC171E2A326EEE006CBAAA /* addition.js in Resources */ = {isa = PBXBuildFile; fileRef = 71BC171D2A326EEE006CBAAA /* addition.js */; };
/* End PBXBuildFile section */

/* Begin PBXFileReference section */
		71BC17022A325BEA006CBAAA /* JSCoreDemoApp.app */ = {isa = PBXFileReference; explicitFileType = wrapper.application; includeInIndex = 0; path = JSCoreDemoApp.app; sourceTree = BUILT_PRODUCTS_DIR; };
		71BC17052A325BEA006CBAAA /* AppDelegate.swift */ = {isa = PBXFileReference; lastKnownFileType = sourcecode.swift; path = AppDelegate.swift; sourceTree = "<group>"; };
		71BC17072A325BEA006CBAAA /* SceneDelegate.swift */ = {isa = PBXFileReference; lastKnownFileType = sourcecode.swift; path = SceneDelegate.swift; sourceTree = "<group>"; };
		71BC17092A325BEA006CBAAA /* ViewController.swift */ = {isa = PBXFileReference; lastKnownFileType = sourcecode.swift; path = ViewController.swift; sourceTree = "<group>"; };
		71BC170C2A325BEA006CBAAA /* Base */ = {isa = PBXFileReference; lastKnownFileType = file.storyboard; name = Base; path = Base.lproj/Main.storyboard; sourceTree = "<group>"; };
		71BC170E2A325BEB006CBAAA /* Assets.xcassets */ = {isa = PBXFileReference; lastKnownFileType = folder.assetcatalog; path = Assets.xcassets; sourceTree = "<group>"; };
		71BC17112A325BEB006CBAAA /* Base */ = {isa = PBXFileReference; lastKnownFileType = file.storyboard; name = Base; path = Base.lproj/LaunchScreen.storyboard; sourceTree = "<group>"; };
		71BC17132A325BEB006CBAAA /* Info.plist */ = {isa = PBXFileReference; lastKnownFileType = text.plist.xml; path = Info.plist; sourceTree = "<group>"; };
		71BC17192A326187006CBAAA /* ViewModel.swift */ = {isa = PBXFileReference; lastKnownFileType = sourcecode.swift; path = ViewModel.swift; sourceTree = "<group>"; };
		71BC171B2A3266D1006CBAAA /* JSOperations.swift */ = {isa = PBXFileReference; lastKnownFileType = sourcecode.swift; path = JSOperations.swift; sourceTree = "<group>"; };
		71BC171D2A326EEE006CBAAA /* addition.js */ = {isa = PBXFileReference; fileEncoding = 4; lastKnownFileType = sourcecode.javascript; path = addition.js; sourceTree = "<group>"; };
/* End PBXFileReference section */

/* Begin PBXFrameworksBuildPhase section */
		71BC16FF2A325BEA006CBAAA /* Frameworks */ = {
			isa = PBXFrameworksBuildPhase;
			buildActionMask = 2147483647;
			files = (
			);
			runOnlyForDeploymentPostprocessing = 0;
		};
/* End PBXFrameworksBuildPhase section */

/* Begin PBXGroup section */
		71BC16F92A325BEA006CBAAA = {
			isa = PBXGroup;
			children = (
				71BC17042A325BEA006CBAAA /* JSCoreDemoApp */,
				71BC17032A325BEA006CBAAA /* Products */,
			);
			sourceTree = "<group>";
		};
		71BC17032A325BEA006CBAAA /* Products */ = {
			isa = PBXGroup;
			children = (
				71BC17022A325BEA006CBAAA /* JSCoreDemoApp.app */,
			);
			name = Products;
			sourceTree = "<group>";
		};
		71BC17042A325BEA006CBAAA /* JSCoreDemoApp */ = {
			isa = PBXGroup;
			children = (
				71BC171D2A326EEE006CBAAA /* addition.js */,
				71BC17052A325BEA006CBAAA /* AppDelegate.swift */,
				71BC17072A325BEA006CBAAA /* SceneDelegate.swift */,
				71BC17092A325BEA006CBAAA /* ViewController.swift */,
				71BC17192A326187006CBAAA /* ViewModel.swift */,
				71BC171B2A3266D1006CBAAA /* JSOperations.swift */,
				71BC170B2A325BEA006CBAAA /* Main.storyboard */,
				71BC170E2A325BEB006CBAAA /* Assets.xcassets */,
				71BC17102A325BEB006CBAAA /* LaunchScreen.storyboard */,
				71BC17132A325BEB006CBAAA /* Info.plist */,
			);
			path = JSCoreDemoApp;
			sourceTree = "<group>";
		};
/* End PBXGroup section */

/* Begin PBXNativeTarget section */
		71BC17012A325BEA006CBAAA /* JSCoreDemoApp */ = {
			isa = PBXNativeTarget;
			buildConfigurationList = 71BC17162A325BEB006CBAAA /* Build configuration list for PBXNativeTarget "JSCoreDemoApp" */;
			buildPhases = (
				71BC16FE2A325BEA006CBAAA /* Sources */,
				71BC16FF2A325BEA006CBAAA /* Frameworks */,
				71BC17002A325BEA006CBAAA /* Resources */,
			);
			buildRules = (
			);
			dependencies = (
			);
			name = JSCoreDemoApp;
			productName = JSCoreDemoApp;
			productReference = 71BC17022A325BEA006CBAAA /* JSCoreDemoApp.app */;
			productType = "com.apple.product-type.application";
		};
/* End PBXNativeTarget section */

/* Begin PBXProject section */
		71BC16FA2A325BEA006CBAAA /* Project object */ = {
			isa = PBXProject;
			attributes = {
				BuildIndependentTargetsInParallel = 1;
				LastSwiftUpdateCheck = 1430;
				LastUpgradeCheck = 1430;
				TargetAttributes = {
					71BC17012A325BEA006CBAAA = {
						CreatedOnToolsVersion = 14.3;
					};
				};
			};
			buildConfigurationList = 71BC16FD2A325BEA006CBAAA /* Build configuration list for PBXProject "JSCoreDemoApp" */;
			compatibilityVersion = "Xcode 14.0";
			developmentRegion = en;
			hasScannedForEncodings = 0;
			knownRegions = (
				en,
				Base,
			);
			mainGroup = 71BC16F92A325BEA006CBAAA;
			productRefGroup = 71BC17032A325BEA006CBAAA /* Products */;
			projectDirPath = "";
			projectRoot = "";
			targets = (
				71BC17012A325BEA006CBAAA /* JSCoreDemoApp */,
			);
		};
/* End PBXProject section */

/* Begin PBXResourcesBuildPhase section */
		71BC17002A325BEA006CBAAA /* Resources */ = {
			isa = PBXResourcesBuildPhase;
			buildActionMask = 2147483647;
			files = (
				71BC17122A325BEB006CBAAA /* LaunchScreen.storyboard in Resources */,
				71BC170F2A325BEB006CBAAA /* Assets.xcassets in Resources */,
				71BC171E2A326EEE006CBAAA /* addition.js in Resources */,
				71BC170D2A325BEA006CBAAA /* Main.storyboard in Resources */,
			);
			runOnlyForDeploymentPostprocessing = 0;
		};
/* End PBXResourcesBuildPhase section */

/* Begin PBXSourcesBuildPhase section */
		71BC16FE2A325BEA006CBAAA /* Sources */ = {
			isa = PBXSourcesBuildPhase;
			buildActionMask = 2147483647;
			files = (
				71BC170A2A325BEA006CBAAA /* ViewController.swift in Sources */,
				71BC171C2A3266D1006CBAAA /* JSOperations.swift in Sources */,
				71BC17062A325BEA006CBAAA /* AppDelegate.swift in Sources */,
				71BC171A2A326187006CBAAA /* ViewModel.swift in Sources */,
				71BC17082A325BEA006CBAAA /* SceneDelegate.swift in Sources */,
			);
			runOnlyForDeploymentPostprocessing = 0;
		};
/* End PBXSourcesBuildPhase section */

/* Begin PBXVariantGroup section */
		71BC170B2A325BEA006CBAAA /* Main.storyboard */ = {
			isa = PBXVariantGroup;
			children = (
				71BC170C2A325BEA006CBAAA /* Base */,
			);
			name = Main.storyboard;
			sourceTree = "<group>";
		};
		71BC17102A325BEB006CBAAA /* LaunchScreen.storyboard */ = {
			isa = PBXVariantGroup;
			children = (
				71BC17112A325BEB006CBAAA /* Base */,
			);
			name = LaunchScreen.storyboard;
			sourceTree = "<group>";
		};
/* End PBXVariantGroup section */

/* Begin XCBuildConfiguration section */
		71BC17142A325BEB006CBAAA /* Debug */ = {
			isa = XCBuildConfiguration;
			buildSettings = {
				ALWAYS_SEARCH_USER_PATHS = NO;
				CLANG_ANALYZER_NONNULL = YES;
				CLANG_ANALYZER_NUMBER_OBJECT_CONVERSION = YES_AGGRESSIVE;
				CLANG_CXX_LANGUAGE_STANDARD = "gnu++20";
				CLANG_ENABLE_MODULES = YES;
				CLANG_ENABLE_OBJC_ARC = YES;
				CLANG_ENABLE_OBJC_WEAK = YES;
				CLANG_WARN_BLOCK_CAPTURE_AUTORELEASING = YES;
				CLANG_WARN_BOOL_CONVERSION = YES;
				CLANG_WARN_COMMA = YES;
				CLANG_WARN_CONSTANT_CONVERSION = YES;
				CLANG_WARN_DEPRECATED_OBJC_IMPLEMENTATIONS = YES;
				CLANG_WARN_DIRECT_OBJC_ISA_USAGE = YES_ERROR;
				CLANG_WARN_DOCUMENTATION_COMMENTS = YES;
				CLANG_WARN_EMPTY_BODY = YES;
				CLANG_WARN_ENUM_CONVERSION = YES;
				CLANG_WARN_INFINITE_RECURSION = YES;
				CLANG_WARN_INT_CONVERSION = YES;
				CLANG_WARN_NON_LITERAL_NULL_CONVERSION = YES;
				CLANG_WARN_OBJC_IMPLICIT_RETAIN_SELF = YES;
				CLANG_WARN_OBJC_LITERAL_CONVERSION = YES;
				CLANG_WARN_OBJC_ROOT_CLASS = YES_ERROR;
				CLANG_WARN_QUOTED_INCLUDE_IN_FRAMEWORK_HEADER = YES;
				CLANG_WARN_RANGE_LOOP_ANALYSIS = YES;
				CLANG_WARN_STRICT_PROTOTYPES = YES;
				CLANG_WARN_SUSPICIOUS_MOVE = YES;
				CLANG_WARN_UNGUARDED_AVAILABILITY = YES_AGGRESSIVE;
				CLANG_WARN_UNREACHABLE_CODE = YES;
				CLANG_WARN__DUPLICATE_METHOD_MATCH = YES;
				COPY_PHASE_STRIP = NO;
				DEBUG_INFORMATION_FORMAT = dwarf;
				ENABLE_STRICT_OBJC_MSGSEND = YES;
				ENABLE_TESTABILITY = YES;
				GCC_C_LANGUAGE_STANDARD = gnu11;
				GCC_DYNAMIC_NO_PIC = NO;
				GCC_NO_COMMON_BLOCKS = YES;
				GCC_OPTIMIZATION_LEVEL = 0;
				GCC_PREPROCESSOR_DEFINITIONS = (
					"DEBUG=1",
					"$(inherited)",
				);
				GCC_WARN_64_TO_32_BIT_CONVERSION = YES;
				GCC_WARN_ABOUT_RETURN_TYPE = YES_ERROR;
				GCC_WARN_UNDECLARED_SELECTOR = YES;
				GCC_WARN_UNINITIALIZED_AUTOS = YES_AGGRESSIVE;
				GCC_WARN_UNUSED_FUNCTION = YES;
				GCC_WARN_UNUSED_VARIABLE = YES;
				IPHONEOS_DEPLOYMENT_TARGET = 16.4;
				MTL_ENABLE_DEBUG_INFO = INCLUDE_SOURCE;
				MTL_FAST_MATH = YES;
				ONLY_ACTIVE_ARCH = YES;
				SDKROOT = iphoneos;
				SWIFT_ACTIVE_COMPILATION_CONDITIONS = DEBUG;
				SWIFT_OPTIMIZATION_LEVEL = "-Onone";
			};
			name = Debug;
		};
		71BC17152A325BEB006CBAAA /* Release */ = {
			isa = XCBuildConfiguration;
			buildSettings = {
				ALWAYS_SEARCH_USER_PATHS = NO;
				CLANG_ANALYZER_NONNULL = YES;
				CLANG_ANALYZER_NUMBER_OBJECT_CONVERSION = YES_AGGRESSIVE;
				CLANG_CXX_LANGUAGE_STANDARD = "gnu++20";
				CLANG_ENABLE_MODULES = YES;
				CLANG_ENABLE_OBJC_ARC = YES;
				CLANG_ENABLE_OBJC_WEAK = YES;
				CLANG_WARN_BLOCK_CAPTURE_AUTORELEASING = YES;
				CLANG_WARN_BOOL_CONVERSION = YES;
				CLANG_WARN_COMMA = YES;
				CLANG_WARN_CONSTANT_CONVERSION = YES;
				CLANG_WARN_DEPRECATED_OBJC_IMPLEMENTATIONS = YES;
				CLANG_WARN_DIRECT_OBJC_ISA_USAGE = YES_ERROR;
				CLANG_WARN_DOCUMENTATION_COMMENTS = YES;
				CLANG_WARN_EMPTY_BODY = YES;
				CLANG_WARN_ENUM_CONVERSION = YES;
				CLANG_WARN_INFINITE_RECURSION = YES;
				CLANG_WARN_INT_CONVERSION = YES;
				CLANG_WARN_NON_LITERAL_NULL_CONVERSION = YES;
				CLANG_WARN_OBJC_IMPLICIT_RETAIN_SELF = YES;
				CLANG_WARN_OBJC_LITERAL_CONVERSION = YES;
				CLANG_WARN_OBJC_ROOT_CLASS = YES_ERROR;
				CLANG_WARN_QUOTED_INCLUDE_IN_FRAMEWORK_HEADER = YES;
				CLANG_WARN_RANGE_LOOP_ANALYSIS = YES;
				CLANG_WARN_STRICT_PROTOTYPES = YES;
				CLANG_WARN_SUSPICIOUS_MOVE = YES;
				CLANG_WARN_UNGUARDED_AVAILABILITY = YES_AGGRESSIVE;
				CLANG_WARN_UNREACHABLE_CODE = YES;
				CLANG_WARN__DUPLICATE_METHOD_MATCH = YES;
				COPY_PHASE_STRIP = NO;
				DEBUG_INFORMATION_FORMAT = "dwarf-with-dsym";
				ENABLE_NS_ASSERTIONS = NO;
				ENABLE_STRICT_OBJC_MSGSEND = YES;
				GCC_C_LANGUAGE_STANDARD = gnu11;
				GCC_NO_COMMON_BLOCKS = YES;
				GCC_WARN_64_TO_32_BIT_CONVERSION = YES;
				GCC_WARN_ABOUT_RETURN_TYPE = YES_ERROR;
				GCC_WARN_UNDECLARED_SELECTOR = YES;
				GCC_WARN_UNINITIALIZED_AUTOS = YES_AGGRESSIVE;
				GCC_WARN_UNUSED_FUNCTION = YES;
				GCC_WARN_UNUSED_VARIABLE = YES;
				IPHONEOS_DEPLOYMENT_TARGET = 16.4;
				MTL_ENABLE_DEBUG_INFO = NO;
				MTL_FAST_MATH = YES;
				SDKROOT = iphoneos;
				SWIFT_COMPILATION_MODE = wholemodule;
				SWIFT_OPTIMIZATION_LEVEL = "-O";
				VALIDATE_PRODUCT = YES;
			};
			name = Release;
		};
		71BC17172A325BEB006CBAAA /* Debug */ = {
			isa = XCBuildConfiguration;
			buildSettings = {
				ASSETCATALOG_COMPILER_APPICON_NAME = AppIcon;
				ASSETCATALOG_COMPILER_GLOBAL_ACCENT_COLOR_NAME = AccentColor;
				CODE_SIGN_STYLE = Automatic;
				CURRENT_PROJECT_VERSION = 1;
				DEVELOPMENT_TEAM = P7W3D595Y8;
				GENERATE_INFOPLIST_FILE = YES;
				INFOPLIST_FILE = JSCoreDemoApp/Info.plist;
				INFOPLIST_KEY_UIApplicationSupportsIndirectInputEvents = YES;
				INFOPLIST_KEY_UILaunchStoryboardName = LaunchScreen;
				INFOPLIST_KEY_UIMainStoryboardFile = Main;
				INFOPLIST_KEY_UISupportedInterfaceOrientations_iPad = "UIInterfaceOrientationPortrait UIInterfaceOrientationPortraitUpsideDown UIInterfaceOrientationLandscapeLeft UIInterfaceOrientationLandscapeRight";
				INFOPLIST_KEY_UISupportedInterfaceOrientations_iPhone = "UIInterfaceOrientationPortrait UIInterfaceOrientationLandscapeLeft UIInterfaceOrientationLandscapeRight";
				LD_RUNPATH_SEARCH_PATHS = (
					"$(inherited)",
					"@executable_path/Frameworks",
				);
				MARKETING_VERSION = 1.0;
				PRODUCT_BUNDLE_IDENTIFIER = com.Test.JSCoreDemoApp;
				PRODUCT_NAME = "$(TARGET_NAME)";
				SWIFT_EMIT_LOC_STRINGS = YES;
				SWIFT_VERSION = 5.0;
				TARGETED_DEVICE_FAMILY = "1,2";
			};
			name = Debug;
		};
		71BC17182A325BEB006CBAAA /* Release */ = {
			isa = XCBuildConfiguration;
			buildSettings = {
				ASSETCATALOG_COMPILER_APPICON_NAME = AppIcon;
				ASSETCATALOG_COMPILER_GLOBAL_ACCENT_COLOR_NAME = AccentColor;
				CODE_SIGN_STYLE = Automatic;
				CURRENT_PROJECT_VERSION = 1;
				DEVELOPMENT_TEAM = P7W3D595Y8;
				GENERATE_INFOPLIST_FILE = YES;
				INFOPLIST_FILE = JSCoreDemoApp/Info.plist;
				INFOPLIST_KEY_UIApplicationSupportsIndirectInputEvents = YES;
				INFOPLIST_KEY_UILaunchStoryboardName = LaunchScreen;
				INFOPLIST_KEY_UIMainStoryboardFile = Main;
				INFOPLIST_KEY_UISupportedInterfaceOrientations_iPad = "UIInterfaceOrientationPortrait UIInterfaceOrientationPortraitUpsideDown UIInterfaceOrientationLandscapeLeft UIInterfaceOrientationLandscapeRight";
				INFOPLIST_KEY_UISupportedInterfaceOrientations_iPhone = "UIInterfaceOrientationPortrait UIInterfaceOrientationLandscapeLeft UIInterfaceOrientationLandscapeRight";
				LD_RUNPATH_SEARCH_PATHS = (
					"$(inherited)",
					"@executable_path/Frameworks",
				);
				MARKETING_VERSION = 1.0;
				PRODUCT_BUNDLE_IDENTIFIER = com.Test.JSCoreDemoApp;
				PRODUCT_NAME = "$(TARGET_NAME)";
				SWIFT_EMIT_LOC_STRINGS = YES;
				SWIFT_VERSION = 5.0;
				TARGETED_DEVICE_FAMILY = "1,2";
			};
			name = Release;
		};
/* End XCBuildConfiguration section */

/* Begin XCConfigurationList section */
		71BC16FD2A325BEA006CBAAA /* Build configuration list for PBXProject "JSCoreDemoApp" */ = {
			isa = XCConfigurationList;
			buildConfigurations = (
				71BC17142A325BEB006CBAAA /* Debug */,
				71BC17152A325BEB006CBAAA /* Release */,
			);
			defaultConfigurationIsVisible = 0;
			defaultConfigurationName = Release;
		};
		71BC17162A325BEB006CBAAA /* Build configuration list for PBXNativeTarget "JSCoreDemoApp" */ = {
			isa = XCConfigurationList;
			buildConfigurations = (
				71BC17172A325BEB006CBAAA /* Debug */,
				71BC17182A325BEB006CBAAA /* Release */,
			);
			defaultConfigurationIsVisible = 0;
			defaultConfigurationName = Release;
		};
/* End XCConfigurationList section */
	};
	rootObject = 71BC16FA2A325BEA006CBAAA /* Project object */;
}
